// !$*UTF8*$!
{
	archiveVersion = 1;
	classes = {
	};
	objectVersion = 56;
	objects = {

/* Begin PBXBuildFile section */
		530C62072C5AD35D0028A8E7 /* Query.swift in Sources */ = {isa = PBXBuildFile; fileRef = 530C62062C5AD35D0028A8E7 /* Query.swift */; };
		530C62092C5AD3B10028A8E7 /* DocumentReference.swift in Sources */ = {isa = PBXBuildFile; fileRef = 530C62082C5AD3B10028A8E7 /* DocumentReference.swift */; };
		530C620B2C5AD4000028A8E7 /* StorageReference.swift in Sources */ = {isa = PBXBuildFile; fileRef = 530C620A2C5AD4000028A8E7 /* StorageReference.swift */; };
		530C620D2C5E9B870028A8E7 /* Challenge.swift in Sources */ = {isa = PBXBuildFile; fileRef = 530C620C2C5E9B870028A8E7 /* Challenge.swift */; };
		530C620F2C5E9D3D0028A8E7 /* ChallengeService.swift in Sources */ = {isa = PBXBuildFile; fileRef = 530C620E2C5E9D3D0028A8E7 /* ChallengeService.swift */; };
		530C62112C5F0D020028A8E7 /* ChallengeDetailView.swift in Sources */ = {isa = PBXBuildFile; fileRef = 530C62102C5F0D020028A8E7 /* ChallengeDetailView.swift */; };
		53769DBD2C558238003A3AC6 /* Alerts.swift in Sources */ = {isa = PBXBuildFile; fileRef = 53769DBC2C558238003A3AC6 /* Alerts.swift */; };
		5395FC5D2C581820000FBDCF /* AddFriendView.swift in Sources */ = {isa = PBXBuildFile; fileRef = 5395FC5C2C581820000FBDCF /* AddFriendView.swift */; };
		53BE21B02C62B76400AFF4D1 /* Comment.swift in Sources */ = {isa = PBXBuildFile; fileRef = 53BE21AF2C62B76400AFF4D1 /* Comment.swift */; };
		53BE21B22C62B7D400AFF4D1 /* commentService.swift in Sources */ = {isa = PBXBuildFile; fileRef = 53BE21B12C62B7D400AFF4D1 /* commentService.swift */; };
		53BE21B52C62B85100AFF4D1 /* CommentsViewModel.swift in Sources */ = {isa = PBXBuildFile; fileRef = 53BE21B42C62B85100AFF4D1 /* CommentsViewModel.swift */; };
		53BE21B72C62B8A000AFF4D1 /* CommentsView.swift in Sources */ = {isa = PBXBuildFile; fileRef = 53BE21B62C62B8A000AFF4D1 /* CommentsView.swift */; };
		53F0966E2C62D9AE008723C2 /* GoogleService-Info.plist in Resources */ = {isa = PBXBuildFile; fileRef = 53F0966D2C62D9AE008723C2 /* GoogleService-Info.plist */; };
		53FF6C642C5595ED0028AFAA /* FriendView.swift in Sources */ = {isa = PBXBuildFile; fileRef = 53FF6C632C5595ED0028AFAA /* FriendView.swift */; };
		53FF6C682C559B9A0028AFAA /* Kingfisher in Frameworks */ = {isa = PBXBuildFile; productRef = 53FF6C672C559B9A0028AFAA /* Kingfisher */; };
		553E1EE42C4DC52200E27DA4 /* FirebaseAnalytics in Frameworks */ = {isa = PBXBuildFile; productRef = 553E1EE32C4DC52200E27DA4 /* FirebaseAnalytics */; };
		553E1EE62C4DC52200E27DA4 /* FirebaseAnalyticsOnDeviceConversion in Frameworks */ = {isa = PBXBuildFile; productRef = 553E1EE52C4DC52200E27DA4 /* FirebaseAnalyticsOnDeviceConversion */; };
		553E1EE82C4DC52200E27DA4 /* FirebaseAnalyticsSwift in Frameworks */ = {isa = PBXBuildFile; productRef = 553E1EE72C4DC52200E27DA4 /* FirebaseAnalyticsSwift */; };
		553E1EEA2C4DC52200E27DA4 /* FirebaseAnalyticsWithoutAdIdSupport in Frameworks */ = {isa = PBXBuildFile; productRef = 553E1EE92C4DC52200E27DA4 /* FirebaseAnalyticsWithoutAdIdSupport */; };
		553E1EEC2C4DC52200E27DA4 /* FirebaseAppCheck in Frameworks */ = {isa = PBXBuildFile; productRef = 553E1EEB2C4DC52200E27DA4 /* FirebaseAppCheck */; };
		553E1EF22C4DC66700E27DA4 /* RegisterView.swift in Sources */ = {isa = PBXBuildFile; fileRef = 553E1EF12C4DC66700E27DA4 /* RegisterView.swift */; };
		553E1EF52C4DC69200E27DA4 /* SignInView.swift in Sources */ = {isa = PBXBuildFile; fileRef = 553E1EF42C4DC69200E27DA4 /* SignInView.swift */; };
		553E1EFE2C4DC6E100E27DA4 /* MainView.swift in Sources */ = {isa = PBXBuildFile; fileRef = 553E1EFD2C4DC6E100E27DA4 /* MainView.swift */; };
		553E1F0B2C4DC7AA00E27DA4 /* ChallengeView.swift in Sources */ = {isa = PBXBuildFile; fileRef = 553E1F0A2C4DC7AA00E27DA4 /* ChallengeView.swift */; };
		553E1F0E2C4DC7B600E27DA4 /* ProfileView.swift in Sources */ = {isa = PBXBuildFile; fileRef = 553E1F0D2C4DC7B600E27DA4 /* ProfileView.swift */; };
		553E1F122C4DC81700E27DA4 /* FeedView.swift in Sources */ = {isa = PBXBuildFile; fileRef = 553E1F112C4DC81700E27DA4 /* FeedView.swift */; };
		553E1F172C4DC85900E27DA4 /* AuthViewModel.swift in Sources */ = {isa = PBXBuildFile; fileRef = 553E1F162C4DC85900E27DA4 /* AuthViewModel.swift */; };
		553E1F192C4DC89700E27DA4 /* FirebaseAnalytics in Frameworks */ = {isa = PBXBuildFile; productRef = 553E1F182C4DC89700E27DA4 /* FirebaseAnalytics */; };
		553E1F1B2C4DC89700E27DA4 /* FirebaseAnalyticsOnDeviceConversion in Frameworks */ = {isa = PBXBuildFile; productRef = 553E1F1A2C4DC89700E27DA4 /* FirebaseAnalyticsOnDeviceConversion */; };
		553E1F1D2C4DC89700E27DA4 /* FirebaseAnalyticsSwift in Frameworks */ = {isa = PBXBuildFile; productRef = 553E1F1C2C4DC89700E27DA4 /* FirebaseAnalyticsSwift */; };
		553E1F1F2C4DC89700E27DA4 /* FirebaseAnalyticsWithoutAdIdSupport in Frameworks */ = {isa = PBXBuildFile; productRef = 553E1F1E2C4DC89700E27DA4 /* FirebaseAnalyticsWithoutAdIdSupport */; };
		553E1F212C4DC89700E27DA4 /* FirebaseAppCheck in Frameworks */ = {isa = PBXBuildFile; productRef = 553E1F202C4DC89700E27DA4 /* FirebaseAppCheck */; };
		553E1F232C4DC93B00E27DA4 /* FirebaseAnalytics in Frameworks */ = {isa = PBXBuildFile; productRef = 553E1F222C4DC93B00E27DA4 /* FirebaseAnalytics */; };
		553E1F252C4DC93B00E27DA4 /* FirebaseAnalyticsOnDeviceConversion in Frameworks */ = {isa = PBXBuildFile; productRef = 553E1F242C4DC93B00E27DA4 /* FirebaseAnalyticsOnDeviceConversion */; };
		553E1F272C4DC93B00E27DA4 /* FirebaseAnalyticsSwift in Frameworks */ = {isa = PBXBuildFile; productRef = 553E1F262C4DC93B00E27DA4 /* FirebaseAnalyticsSwift */; };
		553E1F292C4DC93B00E27DA4 /* FirebaseAnalyticsWithoutAdIdSupport in Frameworks */ = {isa = PBXBuildFile; productRef = 553E1F282C4DC93B00E27DA4 /* FirebaseAnalyticsWithoutAdIdSupport */; };
		553E1F2B2C4DC93B00E27DA4 /* FirebaseAppCheck in Frameworks */ = {isa = PBXBuildFile; productRef = 553E1F2A2C4DC93B00E27DA4 /* FirebaseAppCheck */; };
		553E1F2D2C4DC93B00E27DA4 /* FirebaseAppDistribution-Beta in Frameworks */ = {isa = PBXBuildFile; productRef = 553E1F2C2C4DC93B00E27DA4 /* FirebaseAppDistribution-Beta */; };
		553E1F2F2C4DC93B00E27DA4 /* FirebaseAuth in Frameworks */ = {isa = PBXBuildFile; productRef = 553E1F2E2C4DC93B00E27DA4 /* FirebaseAuth */; };
		553E1F312C4DC93B00E27DA4 /* FirebaseAuthCombine-Community in Frameworks */ = {isa = PBXBuildFile; productRef = 553E1F302C4DC93B00E27DA4 /* FirebaseAuthCombine-Community */; };
		553E1F332C4DC93B00E27DA4 /* FirebaseCrashlytics in Frameworks */ = {isa = PBXBuildFile; productRef = 553E1F322C4DC93B00E27DA4 /* FirebaseCrashlytics */; };
		553E1F352C4DC93B00E27DA4 /* FirebaseDatabase in Frameworks */ = {isa = PBXBuildFile; productRef = 553E1F342C4DC93B00E27DA4 /* FirebaseDatabase */; };
		553E1F372C4DC93B00E27DA4 /* FirebaseDatabaseSwift in Frameworks */ = {isa = PBXBuildFile; productRef = 553E1F362C4DC93B00E27DA4 /* FirebaseDatabaseSwift */; };
		553E1F3B2C4DCC4600E27DA4 /* FirebaseAnalytics in Frameworks */ = {isa = PBXBuildFile; productRef = 553E1F3A2C4DCC4600E27DA4 /* FirebaseAnalytics */; };
		553E1F3D2C4DCC4600E27DA4 /* FirebaseAnalyticsOnDeviceConversion in Frameworks */ = {isa = PBXBuildFile; productRef = 553E1F3C2C4DCC4600E27DA4 /* FirebaseAnalyticsOnDeviceConversion */; };
		553E1F3F2C4DCC4600E27DA4 /* FirebaseAnalyticsSwift in Frameworks */ = {isa = PBXBuildFile; productRef = 553E1F3E2C4DCC4600E27DA4 /* FirebaseAnalyticsSwift */; };
		553E1F412C4DCC4600E27DA4 /* FirebaseAnalyticsWithoutAdIdSupport in Frameworks */ = {isa = PBXBuildFile; productRef = 553E1F402C4DCC4600E27DA4 /* FirebaseAnalyticsWithoutAdIdSupport */; };
		553E1F432C4DCC4600E27DA4 /* FirebaseAppCheck in Frameworks */ = {isa = PBXBuildFile; productRef = 553E1F422C4DCC4600E27DA4 /* FirebaseAppCheck */; };
		553E1F452C4DCEFD00E27DA4 /* userService.swift in Sources */ = {isa = PBXBuildFile; fileRef = 553E1F442C4DCEFD00E27DA4 /* userService.swift */; };
		5583BFD22C58A19400236768 /* friendService.swift in Sources */ = {isa = PBXBuildFile; fileRef = 5583BFD12C58A19400236768 /* friendService.swift */; };
		5583BFD42C58B4A600236768 /* FriendModel.swift in Sources */ = {isa = PBXBuildFile; fileRef = 5583BFD32C58B4A600236768 /* FriendModel.swift */; };
		558E45ED2C4DE23300CED97C /* FirebaseAnalytics in Frameworks */ = {isa = PBXBuildFile; productRef = 558E45EC2C4DE23300CED97C /* FirebaseAnalytics */; };
		558E45EF2C4DE23300CED97C /* FirebaseAnalyticsOnDeviceConversion in Frameworks */ = {isa = PBXBuildFile; productRef = 558E45EE2C4DE23300CED97C /* FirebaseAnalyticsOnDeviceConversion */; };
		558E45F12C4DE23300CED97C /* FirebaseAnalyticsSwift in Frameworks */ = {isa = PBXBuildFile; productRef = 558E45F02C4DE23300CED97C /* FirebaseAnalyticsSwift */; };
		558E45F32C4DE23300CED97C /* FirebaseAnalyticsWithoutAdIdSupport in Frameworks */ = {isa = PBXBuildFile; productRef = 558E45F22C4DE23300CED97C /* FirebaseAnalyticsWithoutAdIdSupport */; };
		558E45F52C4DE23300CED97C /* FirebaseAppCheck in Frameworks */ = {isa = PBXBuildFile; productRef = 558E45F42C4DE23300CED97C /* FirebaseAppCheck */; };
		558E45F72C4DE23300CED97C /* FirebaseAppDistribution-Beta in Frameworks */ = {isa = PBXBuildFile; productRef = 558E45F62C4DE23300CED97C /* FirebaseAppDistribution-Beta */; };
		558E45F92C4DE23300CED97C /* FirebaseAuth in Frameworks */ = {isa = PBXBuildFile; productRef = 558E45F82C4DE23300CED97C /* FirebaseAuth */; };
		558E45FB2C4DE23300CED97C /* FirebaseAuthCombine-Community in Frameworks */ = {isa = PBXBuildFile; productRef = 558E45FA2C4DE23300CED97C /* FirebaseAuthCombine-Community */; };
		558E45FD2C4DE23300CED97C /* FirebaseCrashlytics in Frameworks */ = {isa = PBXBuildFile; productRef = 558E45FC2C4DE23300CED97C /* FirebaseCrashlytics */; };
		558E45FF2C4DE23300CED97C /* FirebaseDatabase in Frameworks */ = {isa = PBXBuildFile; productRef = 558E45FE2C4DE23300CED97C /* FirebaseDatabase */; };
		558E46012C4DE23300CED97C /* FirebaseDatabaseSwift in Frameworks */ = {isa = PBXBuildFile; productRef = 558E46002C4DE23300CED97C /* FirebaseDatabaseSwift */; };
		558E46032C4DE23300CED97C /* FirebaseDynamicLinks in Frameworks */ = {isa = PBXBuildFile; productRef = 558E46022C4DE23300CED97C /* FirebaseDynamicLinks */; };
		558E46052C4DE23300CED97C /* FirebaseFirestore in Frameworks */ = {isa = PBXBuildFile; productRef = 558E46042C4DE23300CED97C /* FirebaseFirestore */; };
		558E46072C4DE23300CED97C /* FirebaseFirestoreCombine-Community in Frameworks */ = {isa = PBXBuildFile; productRef = 558E46062C4DE23300CED97C /* FirebaseFirestoreCombine-Community */; };
		558E46092C4DE23300CED97C /* FirebaseFirestoreSwift in Frameworks */ = {isa = PBXBuildFile; productRef = 558E46082C4DE23300CED97C /* FirebaseFirestoreSwift */; };
		558E460B2C4DE23300CED97C /* FirebaseFunctions in Frameworks */ = {isa = PBXBuildFile; productRef = 558E460A2C4DE23300CED97C /* FirebaseFunctions */; };
		558E460D2C4DE23300CED97C /* FirebaseFunctionsCombine-Community in Frameworks */ = {isa = PBXBuildFile; productRef = 558E460C2C4DE23300CED97C /* FirebaseFunctionsCombine-Community */; };
		558E460F2C4DE23300CED97C /* FirebaseInAppMessaging-Beta in Frameworks */ = {isa = PBXBuildFile; productRef = 558E460E2C4DE23300CED97C /* FirebaseInAppMessaging-Beta */; };
		558E46112C4DE23300CED97C /* FirebaseInAppMessagingSwift-Beta in Frameworks */ = {isa = PBXBuildFile; productRef = 558E46102C4DE23300CED97C /* FirebaseInAppMessagingSwift-Beta */; };
		558E46132C4DE23300CED97C /* FirebaseInstallations in Frameworks */ = {isa = PBXBuildFile; productRef = 558E46122C4DE23300CED97C /* FirebaseInstallations */; };
		558E46152C4DE23300CED97C /* FirebaseMLModelDownloader in Frameworks */ = {isa = PBXBuildFile; productRef = 558E46142C4DE23300CED97C /* FirebaseMLModelDownloader */; };
		558E46172C4DE23300CED97C /* FirebaseMessaging in Frameworks */ = {isa = PBXBuildFile; productRef = 558E46162C4DE23300CED97C /* FirebaseMessaging */; };
		558E46192C4DE23300CED97C /* FirebasePerformance in Frameworks */ = {isa = PBXBuildFile; productRef = 558E46182C4DE23300CED97C /* FirebasePerformance */; };
		558E461B2C4DE23300CED97C /* FirebaseRemoteConfig in Frameworks */ = {isa = PBXBuildFile; productRef = 558E461A2C4DE23300CED97C /* FirebaseRemoteConfig */; };
		558E461D2C4DE23300CED97C /* FirebaseRemoteConfigSwift in Frameworks */ = {isa = PBXBuildFile; productRef = 558E461C2C4DE23300CED97C /* FirebaseRemoteConfigSwift */; };
		558E461F2C4DE23300CED97C /* FirebaseStorage in Frameworks */ = {isa = PBXBuildFile; productRef = 558E461E2C4DE23300CED97C /* FirebaseStorage */; };
		558E46212C4DE23300CED97C /* FirebaseStorageCombine-Community in Frameworks */ = {isa = PBXBuildFile; productRef = 558E46202C4DE23300CED97C /* FirebaseStorageCombine-Community */; };
		558E46232C4DE23300CED97C /* FirebaseVertexAI-Preview in Frameworks */ = {isa = PBXBuildFile; productRef = 558E46222C4DE23300CED97C /* FirebaseVertexAI-Preview */; };
		558E46252C4DE4A400CED97C /* User.swift in Sources */ = {isa = PBXBuildFile; fileRef = 558E46242C4DE4A400CED97C /* User.swift */; };
		55BDE8D72C557542001E6A51 /* postService.swift in Sources */ = {isa = PBXBuildFile; fileRef = 55BDE8D62C557542001E6A51 /* postService.swift */; };
		55BDE8D92C557A5B001E6A51 /* Post.swift in Sources */ = {isa = PBXBuildFile; fileRef = 55BDE8D82C557A5B001E6A51 /* Post.swift */; };
		55BDE8DB2C5581ED001E6A51 /* imageUploader.swift in Sources */ = {isa = PBXBuildFile; fileRef = 55BDE8DA2C5581ED001E6A51 /* imageUploader.swift */; };
		55BDE8E12C5588B9001E6A51 /* uploadPost.swift in Sources */ = {isa = PBXBuildFile; fileRef = 55BDE8E02C5588B9001E6A51 /* uploadPost.swift */; };
		55BDE8E32C558C4B001E6A51 /* imagePicker.swift in Sources */ = {isa = PBXBuildFile; fileRef = 55BDE8E22C558C4B001E6A51 /* imagePicker.swift */; };
		55C324C62C55B3AB00BEA1EC /* PostView.swift in Sources */ = {isa = PBXBuildFile; fileRef = 55C324C52C55B3AB00BEA1EC /* PostView.swift */; };
		55C324C82C55B8E800BEA1EC /* TagView.swift in Sources */ = {isa = PBXBuildFile; fileRef = 55C324C72C55B8E800BEA1EC /* TagView.swift */; };
		55C324CA2C55C03D00BEA1EC /* Date.swift in Sources */ = {isa = PBXBuildFile; fileRef = 55C324C92C55C03D00BEA1EC /* Date.swift */; };
		55E27A342C47518500745AD4 /* GymstagramApp.swift in Sources */ = {isa = PBXBuildFile; fileRef = 55E27A332C47518500745AD4 /* GymstagramApp.swift */; };
		55E27A362C47518500745AD4 /* ContentView.swift in Sources */ = {isa = PBXBuildFile; fileRef = 55E27A352C47518500745AD4 /* ContentView.swift */; };
		55E27A382C47518600745AD4 /* Assets.xcassets in Resources */ = {isa = PBXBuildFile; fileRef = 55E27A372C47518600745AD4 /* Assets.xcassets */; };
		55E27A3B2C47518600745AD4 /* Preview Assets.xcassets in Resources */ = {isa = PBXBuildFile; fileRef = 55E27A3A2C47518600745AD4 /* Preview Assets.xcassets */; };
/* End PBXBuildFile section */

/* Begin PBXFileReference section */
		530C62062C5AD35D0028A8E7 /* Query.swift */ = {isa = PBXFileReference; lastKnownFileType = sourcecode.swift; path = Query.swift; sourceTree = "<group>"; };
		530C62082C5AD3B10028A8E7 /* DocumentReference.swift */ = {isa = PBXFileReference; lastKnownFileType = sourcecode.swift; path = DocumentReference.swift; sourceTree = "<group>"; };
		530C620A2C5AD4000028A8E7 /* StorageReference.swift */ = {isa = PBXFileReference; lastKnownFileType = sourcecode.swift; path = StorageReference.swift; sourceTree = "<group>"; };
		530C620C2C5E9B870028A8E7 /* Challenge.swift */ = {isa = PBXFileReference; lastKnownFileType = sourcecode.swift; path = Challenge.swift; sourceTree = "<group>"; };
		530C620E2C5E9D3D0028A8E7 /* ChallengeService.swift */ = {isa = PBXFileReference; lastKnownFileType = sourcecode.swift; path = ChallengeService.swift; sourceTree = "<group>"; };
		530C62102C5F0D020028A8E7 /* ChallengeDetailView.swift */ = {isa = PBXFileReference; lastKnownFileType = sourcecode.swift; path = ChallengeDetailView.swift; sourceTree = "<group>"; };
		53769DBC2C558238003A3AC6 /* Alerts.swift */ = {isa = PBXFileReference; lastKnownFileType = sourcecode.swift; name = Alerts.swift; path = Gymstagram/Alerts.swift; sourceTree = SOURCE_ROOT; };
		5395FC5C2C581820000FBDCF /* AddFriendView.swift */ = {isa = PBXFileReference; lastKnownFileType = sourcecode.swift; path = AddFriendView.swift; sourceTree = "<group>"; };
		53BE21AF2C62B76400AFF4D1 /* Comment.swift */ = {isa = PBXFileReference; lastKnownFileType = sourcecode.swift; path = Comment.swift; sourceTree = "<group>"; };
		53BE21B12C62B7D400AFF4D1 /* commentService.swift */ = {isa = PBXFileReference; lastKnownFileType = sourcecode.swift; path = commentService.swift; sourceTree = "<group>"; };
		53BE21B42C62B85100AFF4D1 /* CommentsViewModel.swift */ = {isa = PBXFileReference; lastKnownFileType = sourcecode.swift; path = CommentsViewModel.swift; sourceTree = "<group>"; };
		53BE21B62C62B8A000AFF4D1 /* CommentsView.swift */ = {isa = PBXFileReference; lastKnownFileType = sourcecode.swift; path = CommentsView.swift; sourceTree = "<group>"; };
		53F0966D2C62D9AE008723C2 /* GoogleService-Info.plist */ = {isa = PBXFileReference; fileEncoding = 4; lastKnownFileType = text.plist.xml; path = "GoogleService-Info.plist"; sourceTree = "<group>"; };
		53FF6C632C5595ED0028AFAA /* FriendView.swift */ = {isa = PBXFileReference; lastKnownFileType = sourcecode.swift; path = FriendView.swift; sourceTree = "<group>"; };
		553E1EF12C4DC66700E27DA4 /* RegisterView.swift */ = {isa = PBXFileReference; lastKnownFileType = sourcecode.swift; path = RegisterView.swift; sourceTree = "<group>"; };
		553E1EF42C4DC69200E27DA4 /* SignInView.swift */ = {isa = PBXFileReference; lastKnownFileType = sourcecode.swift; path = SignInView.swift; sourceTree = "<group>"; };
		553E1EFD2C4DC6E100E27DA4 /* MainView.swift */ = {isa = PBXFileReference; lastKnownFileType = sourcecode.swift; path = MainView.swift; sourceTree = "<group>"; };
		553E1F0A2C4DC7AA00E27DA4 /* ChallengeView.swift */ = {isa = PBXFileReference; lastKnownFileType = sourcecode.swift; path = ChallengeView.swift; sourceTree = "<group>"; };
		553E1F0D2C4DC7B600E27DA4 /* ProfileView.swift */ = {isa = PBXFileReference; lastKnownFileType = sourcecode.swift; path = ProfileView.swift; sourceTree = "<group>"; };
		553E1F112C4DC81700E27DA4 /* FeedView.swift */ = {isa = PBXFileReference; lastKnownFileType = sourcecode.swift; path = FeedView.swift; sourceTree = "<group>"; };
		553E1F162C4DC85900E27DA4 /* AuthViewModel.swift */ = {isa = PBXFileReference; lastKnownFileType = sourcecode.swift; path = AuthViewModel.swift; sourceTree = "<group>"; };
		553E1F442C4DCEFD00E27DA4 /* userService.swift */ = {isa = PBXFileReference; lastKnownFileType = sourcecode.swift; path = userService.swift; sourceTree = "<group>"; };
		5583BFD12C58A19400236768 /* friendService.swift */ = {isa = PBXFileReference; lastKnownFileType = sourcecode.swift; path = friendService.swift; sourceTree = "<group>"; };
		5583BFD32C58B4A600236768 /* FriendModel.swift */ = {isa = PBXFileReference; lastKnownFileType = sourcecode.swift; path = FriendModel.swift; sourceTree = "<group>"; };
		558E46242C4DE4A400CED97C /* User.swift */ = {isa = PBXFileReference; lastKnownFileType = sourcecode.swift; path = User.swift; sourceTree = "<group>"; };
		55BDE8D62C557542001E6A51 /* postService.swift */ = {isa = PBXFileReference; lastKnownFileType = sourcecode.swift; path = postService.swift; sourceTree = "<group>"; };
		55BDE8D82C557A5B001E6A51 /* Post.swift */ = {isa = PBXFileReference; lastKnownFileType = sourcecode.swift; path = Post.swift; sourceTree = "<group>"; };
		55BDE8DA2C5581ED001E6A51 /* imageUploader.swift */ = {isa = PBXFileReference; lastKnownFileType = sourcecode.swift; path = imageUploader.swift; sourceTree = "<group>"; };
		55BDE8E02C5588B9001E6A51 /* uploadPost.swift */ = {isa = PBXFileReference; lastKnownFileType = sourcecode.swift; path = uploadPost.swift; sourceTree = "<group>"; };
		55BDE8E22C558C4B001E6A51 /* imagePicker.swift */ = {isa = PBXFileReference; lastKnownFileType = sourcecode.swift; path = imagePicker.swift; sourceTree = "<group>"; };
		55C324C52C55B3AB00BEA1EC /* PostView.swift */ = {isa = PBXFileReference; lastKnownFileType = sourcecode.swift; path = PostView.swift; sourceTree = "<group>"; };
		55C324C72C55B8E800BEA1EC /* TagView.swift */ = {isa = PBXFileReference; lastKnownFileType = sourcecode.swift; path = TagView.swift; sourceTree = "<group>"; };
		55C324C92C55C03D00BEA1EC /* Date.swift */ = {isa = PBXFileReference; lastKnownFileType = sourcecode.swift; path = Date.swift; sourceTree = "<group>"; };
		55E27A302C47518400745AD4 /* Gymstagram.app */ = {isa = PBXFileReference; explicitFileType = wrapper.application; includeInIndex = 0; path = Gymstagram.app; sourceTree = BUILT_PRODUCTS_DIR; };
		55E27A332C47518500745AD4 /* GymstagramApp.swift */ = {isa = PBXFileReference; lastKnownFileType = sourcecode.swift; path = GymstagramApp.swift; sourceTree = "<group>"; };
		55E27A352C47518500745AD4 /* ContentView.swift */ = {isa = PBXFileReference; lastKnownFileType = sourcecode.swift; path = ContentView.swift; sourceTree = "<group>"; };
		55E27A372C47518600745AD4 /* Assets.xcassets */ = {isa = PBXFileReference; lastKnownFileType = folder.assetcatalog; path = Assets.xcassets; sourceTree = "<group>"; };
		55E27A3A2C47518600745AD4 /* Preview Assets.xcassets */ = {isa = PBXFileReference; lastKnownFileType = folder.assetcatalog; path = "Preview Assets.xcassets"; sourceTree = "<group>"; };
/* End PBXFileReference section */

/* Begin PBXFrameworksBuildPhase section */
		55E27A2D2C47518400745AD4 /* Frameworks */ = {
			isa = PBXFrameworksBuildPhase;
			buildActionMask = 2147483647;
			files = (
				558E46172C4DE23300CED97C /* FirebaseMessaging in Frameworks */,
				558E45F12C4DE23300CED97C /* FirebaseAnalyticsSwift in Frameworks */,
				558E45F32C4DE23300CED97C /* FirebaseAnalyticsWithoutAdIdSupport in Frameworks */,
				553E1F372C4DC93B00E27DA4 /* FirebaseDatabaseSwift in Frameworks */,
				558E45FB2C4DE23300CED97C /* FirebaseAuthCombine-Community in Frameworks */,
				553E1EE82C4DC52200E27DA4 /* FirebaseAnalyticsSwift in Frameworks */,
				558E46132C4DE23300CED97C /* FirebaseInstallations in Frameworks */,
				553E1F312C4DC93B00E27DA4 /* FirebaseAuthCombine-Community in Frameworks */,
				558E45FF2C4DE23300CED97C /* FirebaseDatabase in Frameworks */,
				558E461D2C4DE23300CED97C /* FirebaseRemoteConfigSwift in Frameworks */,
				558E46112C4DE23300CED97C /* FirebaseInAppMessagingSwift-Beta in Frameworks */,
				558E45EF2C4DE23300CED97C /* FirebaseAnalyticsOnDeviceConversion in Frameworks */,
				553E1EE42C4DC52200E27DA4 /* FirebaseAnalytics in Frameworks */,
				558E45F92C4DE23300CED97C /* FirebaseAuth in Frameworks */,
				558E45F72C4DE23300CED97C /* FirebaseAppDistribution-Beta in Frameworks */,
				553E1F2F2C4DC93B00E27DA4 /* FirebaseAuth in Frameworks */,
				558E46212C4DE23300CED97C /* FirebaseStorageCombine-Community in Frameworks */,
				553E1F192C4DC89700E27DA4 /* FirebaseAnalytics in Frameworks */,
				553E1F3B2C4DCC4600E27DA4 /* FirebaseAnalytics in Frameworks */,
				53FF6C682C559B9A0028AFAA /* Kingfisher in Frameworks */,
				558E46052C4DE23300CED97C /* FirebaseFirestore in Frameworks */,
				558E460B2C4DE23300CED97C /* FirebaseFunctions in Frameworks */,
				558E461B2C4DE23300CED97C /* FirebaseRemoteConfig in Frameworks */,
				558E461F2C4DE23300CED97C /* FirebaseStorage in Frameworks */,
				553E1F1B2C4DC89700E27DA4 /* FirebaseAnalyticsOnDeviceConversion in Frameworks */,
				553E1F1D2C4DC89700E27DA4 /* FirebaseAnalyticsSwift in Frameworks */,
				558E460D2C4DE23300CED97C /* FirebaseFunctionsCombine-Community in Frameworks */,
				558E46152C4DE23300CED97C /* FirebaseMLModelDownloader in Frameworks */,
				553E1EE62C4DC52200E27DA4 /* FirebaseAnalyticsOnDeviceConversion in Frameworks */,
				553E1F232C4DC93B00E27DA4 /* FirebaseAnalytics in Frameworks */,
				558E45FD2C4DE23300CED97C /* FirebaseCrashlytics in Frameworks */,
				558E45F52C4DE23300CED97C /* FirebaseAppCheck in Frameworks */,
				553E1F2D2C4DC93B00E27DA4 /* FirebaseAppDistribution-Beta in Frameworks */,
				553E1F3F2C4DCC4600E27DA4 /* FirebaseAnalyticsSwift in Frameworks */,
				553E1F352C4DC93B00E27DA4 /* FirebaseDatabase in Frameworks */,
				558E46092C4DE23300CED97C /* FirebaseFirestoreSwift in Frameworks */,
				553E1F432C4DCC4600E27DA4 /* FirebaseAppCheck in Frameworks */,
				558E46232C4DE23300CED97C /* FirebaseVertexAI-Preview in Frameworks */,
				553E1F252C4DC93B00E27DA4 /* FirebaseAnalyticsOnDeviceConversion in Frameworks */,
				553E1EEC2C4DC52200E27DA4 /* FirebaseAppCheck in Frameworks */,
				558E46012C4DE23300CED97C /* FirebaseDatabaseSwift in Frameworks */,
				558E45ED2C4DE23300CED97C /* FirebaseAnalytics in Frameworks */,
				553E1F272C4DC93B00E27DA4 /* FirebaseAnalyticsSwift in Frameworks */,
				553E1F1F2C4DC89700E27DA4 /* FirebaseAnalyticsWithoutAdIdSupport in Frameworks */,
				553E1F3D2C4DCC4600E27DA4 /* FirebaseAnalyticsOnDeviceConversion in Frameworks */,
				558E46032C4DE23300CED97C /* FirebaseDynamicLinks in Frameworks */,
				558E46072C4DE23300CED97C /* FirebaseFirestoreCombine-Community in Frameworks */,
				553E1F332C4DC93B00E27DA4 /* FirebaseCrashlytics in Frameworks */,
				558E46192C4DE23300CED97C /* FirebasePerformance in Frameworks */,
				553E1F292C4DC93B00E27DA4 /* FirebaseAnalyticsWithoutAdIdSupport in Frameworks */,
				558E460F2C4DE23300CED97C /* FirebaseInAppMessaging-Beta in Frameworks */,
				553E1F412C4DCC4600E27DA4 /* FirebaseAnalyticsWithoutAdIdSupport in Frameworks */,
				553E1F212C4DC89700E27DA4 /* FirebaseAppCheck in Frameworks */,
				553E1F2B2C4DC93B00E27DA4 /* FirebaseAppCheck in Frameworks */,
				553E1EEA2C4DC52200E27DA4 /* FirebaseAnalyticsWithoutAdIdSupport in Frameworks */,
			);
			runOnlyForDeploymentPostprocessing = 0;
		};
/* End PBXFrameworksBuildPhase section */

/* Begin PBXGroup section */
		53BE21B32C62B84000AFF4D1 /* Comments */ = {
			isa = PBXGroup;
			children = (
				53BE21B42C62B85100AFF4D1 /* CommentsViewModel.swift */,
				53BE21B62C62B8A000AFF4D1 /* CommentsView.swift */,
			);
			path = Comments;
			sourceTree = "<group>";
		};
		53FF6C652C5597050028AFAA /* Friends */ = {
			isa = PBXGroup;
			children = (
				53FF6C632C5595ED0028AFAA /* FriendView.swift */,
				5395FC5C2C581820000FBDCF /* AddFriendView.swift */,
				5583BFD32C58B4A600236768 /* FriendModel.swift */,
			);
			path = Friends;
			sourceTree = "<group>";
		};
		553E1ED92C4DC25200E27DA4 /* Service */ = {
			isa = PBXGroup;
			children = (
				553E1F442C4DCEFD00E27DA4 /* userService.swift */,
				55BDE8D62C557542001E6A51 /* postService.swift */,
				5583BFD12C58A19400236768 /* friendService.swift */,
				55BDE8DA2C5581ED001E6A51 /* imageUploader.swift */,
				530C620E2C5E9D3D0028A8E7 /* ChallengeService.swift */,
				53BE21B12C62B7D400AFF4D1 /* commentService.swift */,
			);
			path = Service;
			sourceTree = "<group>";
		};
		553E1EDA2C4DC25500E27DA4 /* Core */ = {
			isa = PBXGroup;
			children = (
				53BE21B32C62B84000AFF4D1 /* Comments */,
				55C324C42C55B39700BEA1EC /* Posts */,
				53FF6C652C5597050028AFAA /* Friends */,
				55BDE8DC2C558884001E6A51 /* UploadPost */,
				553E1F132C4DC83700E27DA4 /* Authentication */,
				553E1F072C4DC79300E27DA4 /* Challenge */,
				553E1F062C4DC78D00E27DA4 /* Profile */,
				553E1EFF2C4DC71F00E27DA4 /* Feed */,
				553E1EFA2C4DC6D100E27DA4 /* Main */,
			);
			path = Core;
			sourceTree = "<group>";
		};
		553E1EDB2C4DC25B00E27DA4 /* Models */ = {
			isa = PBXGroup;
			children = (
				558E46242C4DE4A400CED97C /* User.swift */,
				55BDE8D82C557A5B001E6A51 /* Post.swift */,
				530C620C2C5E9B870028A8E7 /* Challenge.swift */,
				53BE21AF2C62B76400AFF4D1 /* Comment.swift */,
			);
			path = Models;
			sourceTree = "<group>";
		};
		553E1EDD2C4DC27000E27DA4 /* Extensions */ = {
			isa = PBXGroup;
			children = (
				55C324C92C55C03D00BEA1EC /* Date.swift */,
				530C62062C5AD35D0028A8E7 /* Query.swift */,
				530C62082C5AD3B10028A8E7 /* DocumentReference.swift */,
				530C620A2C5AD4000028A8E7 /* StorageReference.swift */,
			);
			path = Extensions;
			sourceTree = "<group>";
		};
		553E1EDE2C4DC27400E27DA4 /* App */ = {
			isa = PBXGroup;
			children = (
				55E27A332C47518500745AD4 /* GymstagramApp.swift */,
			);
			path = App;
			sourceTree = "<group>";
		};
		553E1EDF2C4DC27E00E27DA4 /* Utils */ = {
			isa = PBXGroup;
			children = (
				55BDE8E22C558C4B001E6A51 /* imagePicker.swift */,
				53769DBC2C558238003A3AC6 /* Alerts.swift */,
			);
			path = Utils;
			sourceTree = "<group>";
		};
		553E1EFA2C4DC6D100E27DA4 /* Main */ = {
			isa = PBXGroup;
			children = (
				553E1EFD2C4DC6E100E27DA4 /* MainView.swift */,
			);
			path = Main;
			sourceTree = "<group>";
		};
		553E1EFF2C4DC71F00E27DA4 /* Feed */ = {
			isa = PBXGroup;
			children = (
				553E1F112C4DC81700E27DA4 /* FeedView.swift */,
			);
			path = Feed;
			sourceTree = "<group>";
		};
		553E1F062C4DC78D00E27DA4 /* Profile */ = {
			isa = PBXGroup;
			children = (
				553E1F0D2C4DC7B600E27DA4 /* ProfileView.swift */,
			);
			path = Profile;
			sourceTree = "<group>";
		};
		553E1F072C4DC79300E27DA4 /* Challenge */ = {
			isa = PBXGroup;
			children = (
				553E1F0A2C4DC7AA00E27DA4 /* ChallengeView.swift */,
				530C62102C5F0D020028A8E7 /* ChallengeDetailView.swift */,
			);
			path = Challenge;
			sourceTree = "<group>";
		};
		553E1F132C4DC83700E27DA4 /* Authentication */ = {
			isa = PBXGroup;
			children = (
				553E1EF42C4DC69200E27DA4 /* SignInView.swift */,
				553E1EF12C4DC66700E27DA4 /* RegisterView.swift */,
				553E1F162C4DC85900E27DA4 /* AuthViewModel.swift */,
			);
			path = Authentication;
			sourceTree = "<group>";
		};
		55BDE8DC2C558884001E6A51 /* UploadPost */ = {
			isa = PBXGroup;
			children = (
				55BDE8E02C5588B9001E6A51 /* uploadPost.swift */,
			);
			path = UploadPost;
			sourceTree = "<group>";
		};
		55C324C42C55B39700BEA1EC /* Posts */ = {
			isa = PBXGroup;
			children = (
				55C324C52C55B3AB00BEA1EC /* PostView.swift */,
				55C324C72C55B8E800BEA1EC /* TagView.swift */,
			);
			path = Posts;
			sourceTree = "<group>";
		};
		55E27A272C47518400745AD4 = {
			isa = PBXGroup;
			children = (
				55E27A322C47518400745AD4 /* Gymstagram */,
				55E27A312C47518400745AD4 /* Products */,
			);
			sourceTree = "<group>";
		};
		55E27A312C47518400745AD4 /* Products */ = {
			isa = PBXGroup;
			children = (
				55E27A302C47518400745AD4 /* Gymstagram.app */,
			);
			name = Products;
			sourceTree = "<group>";
		};
		55E27A322C47518400745AD4 /* Gymstagram */ = {
			isa = PBXGroup;
			children = (
				553E1EDF2C4DC27E00E27DA4 /* Utils */,
				553E1EDE2C4DC27400E27DA4 /* App */,
				553E1EDD2C4DC27000E27DA4 /* Extensions */,
				553E1EDB2C4DC25B00E27DA4 /* Models */,
				553E1EDA2C4DC25500E27DA4 /* Core */,
				553E1ED92C4DC25200E27DA4 /* Service */,
				55E27A352C47518500745AD4 /* ContentView.swift */,
				55E27A372C47518600745AD4 /* Assets.xcassets */,
				53F0966D2C62D9AE008723C2 /* GoogleService-Info.plist */,
				55E27A392C47518600745AD4 /* Preview Content */,
			);
			path = Gymstagram;
			sourceTree = "<group>";
		};
		55E27A392C47518600745AD4 /* Preview Content */ = {
			isa = PBXGroup;
			children = (
				55E27A3A2C47518600745AD4 /* Preview Assets.xcassets */,
			);
			path = "Preview Content";
			sourceTree = "<group>";
		};
/* End PBXGroup section */

/* Begin PBXNativeTarget section */
		55E27A2F2C47518400745AD4 /* Gymstagram */ = {
			isa = PBXNativeTarget;
			buildConfigurationList = 55E27A3E2C47518600745AD4 /* Build configuration list for PBXNativeTarget "Gymstagram" */;
			buildPhases = (
				55E27A2C2C47518400745AD4 /* Sources */,
				55E27A2D2C47518400745AD4 /* Frameworks */,
				55E27A2E2C47518400745AD4 /* Resources */,
			);
			buildRules = (
			);
			dependencies = (
			);
			name = Gymstagram;
			packageProductDependencies = (
				553E1EE32C4DC52200E27DA4 /* FirebaseAnalytics */,
				553E1EE52C4DC52200E27DA4 /* FirebaseAnalyticsOnDeviceConversion */,
				553E1EE72C4DC52200E27DA4 /* FirebaseAnalyticsSwift */,
				553E1EE92C4DC52200E27DA4 /* FirebaseAnalyticsWithoutAdIdSupport */,
				553E1EEB2C4DC52200E27DA4 /* FirebaseAppCheck */,
				553E1F182C4DC89700E27DA4 /* FirebaseAnalytics */,
				553E1F1A2C4DC89700E27DA4 /* FirebaseAnalyticsOnDeviceConversion */,
				553E1F1C2C4DC89700E27DA4 /* FirebaseAnalyticsSwift */,
				553E1F1E2C4DC89700E27DA4 /* FirebaseAnalyticsWithoutAdIdSupport */,
				553E1F202C4DC89700E27DA4 /* FirebaseAppCheck */,
				553E1F222C4DC93B00E27DA4 /* FirebaseAnalytics */,
				553E1F242C4DC93B00E27DA4 /* FirebaseAnalyticsOnDeviceConversion */,
				553E1F262C4DC93B00E27DA4 /* FirebaseAnalyticsSwift */,
				553E1F282C4DC93B00E27DA4 /* FirebaseAnalyticsWithoutAdIdSupport */,
				553E1F2A2C4DC93B00E27DA4 /* FirebaseAppCheck */,
				553E1F2C2C4DC93B00E27DA4 /* FirebaseAppDistribution-Beta */,
				553E1F2E2C4DC93B00E27DA4 /* FirebaseAuth */,
				553E1F302C4DC93B00E27DA4 /* FirebaseAuthCombine-Community */,
				553E1F322C4DC93B00E27DA4 /* FirebaseCrashlytics */,
				553E1F342C4DC93B00E27DA4 /* FirebaseDatabase */,
				553E1F362C4DC93B00E27DA4 /* FirebaseDatabaseSwift */,
				553E1F3A2C4DCC4600E27DA4 /* FirebaseAnalytics */,
				553E1F3C2C4DCC4600E27DA4 /* FirebaseAnalyticsOnDeviceConversion */,
				553E1F3E2C4DCC4600E27DA4 /* FirebaseAnalyticsSwift */,
				553E1F402C4DCC4600E27DA4 /* FirebaseAnalyticsWithoutAdIdSupport */,
				553E1F422C4DCC4600E27DA4 /* FirebaseAppCheck */,
				558E45EC2C4DE23300CED97C /* FirebaseAnalytics */,
				558E45EE2C4DE23300CED97C /* FirebaseAnalyticsOnDeviceConversion */,
				558E45F02C4DE23300CED97C /* FirebaseAnalyticsSwift */,
				558E45F22C4DE23300CED97C /* FirebaseAnalyticsWithoutAdIdSupport */,
				558E45F42C4DE23300CED97C /* FirebaseAppCheck */,
				558E45F62C4DE23300CED97C /* FirebaseAppDistribution-Beta */,
				558E45F82C4DE23300CED97C /* FirebaseAuth */,
				558E45FA2C4DE23300CED97C /* FirebaseAuthCombine-Community */,
				558E45FC2C4DE23300CED97C /* FirebaseCrashlytics */,
				558E45FE2C4DE23300CED97C /* FirebaseDatabase */,
				558E46002C4DE23300CED97C /* FirebaseDatabaseSwift */,
				558E46022C4DE23300CED97C /* FirebaseDynamicLinks */,
				558E46042C4DE23300CED97C /* FirebaseFirestore */,
				558E46062C4DE23300CED97C /* FirebaseFirestoreCombine-Community */,
				558E46082C4DE23300CED97C /* FirebaseFirestoreSwift */,
				558E460A2C4DE23300CED97C /* FirebaseFunctions */,
				558E460C2C4DE23300CED97C /* FirebaseFunctionsCombine-Community */,
				558E460E2C4DE23300CED97C /* FirebaseInAppMessaging-Beta */,
				558E46102C4DE23300CED97C /* FirebaseInAppMessagingSwift-Beta */,
				558E46122C4DE23300CED97C /* FirebaseInstallations */,
				558E46142C4DE23300CED97C /* FirebaseMLModelDownloader */,
				558E46162C4DE23300CED97C /* FirebaseMessaging */,
				558E46182C4DE23300CED97C /* FirebasePerformance */,
				558E461A2C4DE23300CED97C /* FirebaseRemoteConfig */,
				558E461C2C4DE23300CED97C /* FirebaseRemoteConfigSwift */,
				558E461E2C4DE23300CED97C /* FirebaseStorage */,
				558E46202C4DE23300CED97C /* FirebaseStorageCombine-Community */,
				558E46222C4DE23300CED97C /* FirebaseVertexAI-Preview */,
				53FF6C672C559B9A0028AFAA /* Kingfisher */,
			);
			productName = Gymstagram;
			productReference = 55E27A302C47518400745AD4 /* Gymstagram.app */;
			productType = "com.apple.product-type.application";
		};
/* End PBXNativeTarget section */

/* Begin PBXProject section */
		55E27A282C47518400745AD4 /* Project object */ = {
			isa = PBXProject;
			attributes = {
				BuildIndependentTargetsInParallel = 1;
				LastSwiftUpdateCheck = 1510;
				LastUpgradeCheck = 1510;
				TargetAttributes = {
					55E27A2F2C47518400745AD4 = {
						CreatedOnToolsVersion = 15.1;
					};
				};
			};
			buildConfigurationList = 55E27A2B2C47518400745AD4 /* Build configuration list for PBXProject "Gymstagram" */;
			compatibilityVersion = "Xcode 14.0";
			developmentRegion = en;
			hasScannedForEncodings = 0;
			knownRegions = (
				en,
				Base,
			);
			mainGroup = 55E27A272C47518400745AD4;
			packageReferences = (
				553E1EE22C4DC52200E27DA4 /* XCRemoteSwiftPackageReference "firebase-ios-sdk" */,
				53FF6C662C559B990028AFAA /* XCRemoteSwiftPackageReference "Kingfisher" */,
			);
			productRefGroup = 55E27A312C47518400745AD4 /* Products */;
			projectDirPath = "";
			projectRoot = "";
			targets = (
				55E27A2F2C47518400745AD4 /* Gymstagram */,
			);
		};
/* End PBXProject section */

/* Begin PBXResourcesBuildPhase section */
		55E27A2E2C47518400745AD4 /* Resources */ = {
			isa = PBXResourcesBuildPhase;
			buildActionMask = 2147483647;
			files = (
				55E27A3B2C47518600745AD4 /* Preview Assets.xcassets in Resources */,
				53F0966E2C62D9AE008723C2 /* GoogleService-Info.plist in Resources */,
				55E27A382C47518600745AD4 /* Assets.xcassets in Resources */,
			);
			runOnlyForDeploymentPostprocessing = 0;
		};
/* End PBXResourcesBuildPhase section */

/* Begin PBXSourcesBuildPhase section */
		55E27A2C2C47518400745AD4 /* Sources */ = {
			isa = PBXSourcesBuildPhase;
			buildActionMask = 2147483647;
			files = (
				55BDE8E12C5588B9001E6A51 /* uploadPost.swift in Sources */,
				553E1F122C4DC81700E27DA4 /* FeedView.swift in Sources */,
				53BE21B72C62B8A000AFF4D1 /* CommentsView.swift in Sources */,
				553E1EF22C4DC66700E27DA4 /* RegisterView.swift in Sources */,
				55E27A362C47518500745AD4 /* ContentView.swift in Sources */,
				553E1F0B2C4DC7AA00E27DA4 /* ChallengeView.swift in Sources */,
				530C62072C5AD35D0028A8E7 /* Query.swift in Sources */,
				55BDE8D92C557A5B001E6A51 /* Post.swift in Sources */,
				553E1EF52C4DC69200E27DA4 /* SignInView.swift in Sources */,
				553E1EFE2C4DC6E100E27DA4 /* MainView.swift in Sources */,
				5583BFD22C58A19400236768 /* friendService.swift in Sources */,
				530C620F2C5E9D3D0028A8E7 /* ChallengeService.swift in Sources */,
				55BDE8DB2C5581ED001E6A51 /* imageUploader.swift in Sources */,
				55C324C62C55B3AB00BEA1EC /* PostView.swift in Sources */,
				553E1F452C4DCEFD00E27DA4 /* userService.swift in Sources */,
				55C324C82C55B8E800BEA1EC /* TagView.swift in Sources */,
				5583BFD42C58B4A600236768 /* FriendModel.swift in Sources */,
				5395FC5D2C581820000FBDCF /* AddFriendView.swift in Sources */,
				53FF6C642C5595ED0028AFAA /* FriendView.swift in Sources */,
				53BE21B52C62B85100AFF4D1 /* CommentsViewModel.swift in Sources */,
				55E27A342C47518500745AD4 /* GymstagramApp.swift in Sources */,
				53BE21B22C62B7D400AFF4D1 /* commentService.swift in Sources */,
				530C62092C5AD3B10028A8E7 /* DocumentReference.swift in Sources */,
				553E1F0E2C4DC7B600E27DA4 /* ProfileView.swift in Sources */,
				553E1F172C4DC85900E27DA4 /* AuthViewModel.swift in Sources */,
				530C620D2C5E9B870028A8E7 /* Challenge.swift in Sources */,
				55C324CA2C55C03D00BEA1EC /* Date.swift in Sources */,
				530C620B2C5AD4000028A8E7 /* StorageReference.swift in Sources */,
				53BE21B02C62B76400AFF4D1 /* Comment.swift in Sources */,
				55BDE8E32C558C4B001E6A51 /* imagePicker.swift in Sources */,
				53769DBD2C558238003A3AC6 /* Alerts.swift in Sources */,
				530C62112C5F0D020028A8E7 /* ChallengeDetailView.swift in Sources */,
				558E46252C4DE4A400CED97C /* User.swift in Sources */,
				55BDE8D72C557542001E6A51 /* postService.swift in Sources */,
			);
			runOnlyForDeploymentPostprocessing = 0;
		};
/* End PBXSourcesBuildPhase section */

/* Begin XCBuildConfiguration section */
		55E27A3C2C47518600745AD4 /* Debug */ = {
			isa = XCBuildConfiguration;
			buildSettings = {
				ALWAYS_SEARCH_USER_PATHS = NO;
				ASSETCATALOG_COMPILER_GENERATE_SWIFT_ASSET_SYMBOL_EXTENSIONS = YES;
				CLANG_ANALYZER_NONNULL = YES;
				CLANG_ANALYZER_NUMBER_OBJECT_CONVERSION = YES_AGGRESSIVE;
				CLANG_CXX_LANGUAGE_STANDARD = "gnu++20";
				CLANG_ENABLE_MODULES = YES;
				CLANG_ENABLE_OBJC_ARC = YES;
				CLANG_ENABLE_OBJC_WEAK = YES;
				CLANG_WARN_BLOCK_CAPTURE_AUTORELEASING = YES;
				CLANG_WARN_BOOL_CONVERSION = YES;
				CLANG_WARN_COMMA = YES;
				CLANG_WARN_CONSTANT_CONVERSION = YES;
				CLANG_WARN_DEPRECATED_OBJC_IMPLEMENTATIONS = YES;
				CLANG_WARN_DIRECT_OBJC_ISA_USAGE = YES_ERROR;
				CLANG_WARN_DOCUMENTATION_COMMENTS = YES;
				CLANG_WARN_EMPTY_BODY = YES;
				CLANG_WARN_ENUM_CONVERSION = YES;
				CLANG_WARN_INFINITE_RECURSION = YES;
				CLANG_WARN_INT_CONVERSION = YES;
				CLANG_WARN_NON_LITERAL_NULL_CONVERSION = YES;
				CLANG_WARN_OBJC_IMPLICIT_RETAIN_SELF = YES;
				CLANG_WARN_OBJC_LITERAL_CONVERSION = YES;
				CLANG_WARN_OBJC_ROOT_CLASS = YES_ERROR;
				CLANG_WARN_QUOTED_INCLUDE_IN_FRAMEWORK_HEADER = YES;
				CLANG_WARN_RANGE_LOOP_ANALYSIS = YES;
				CLANG_WARN_STRICT_PROTOTYPES = YES;
				CLANG_WARN_SUSPICIOUS_MOVE = YES;
				CLANG_WARN_UNGUARDED_AVAILABILITY = YES_AGGRESSIVE;
				CLANG_WARN_UNREACHABLE_CODE = YES;
				CLANG_WARN__DUPLICATE_METHOD_MATCH = YES;
				COPY_PHASE_STRIP = NO;
				DEBUG_INFORMATION_FORMAT = dwarf;
				ENABLE_STRICT_OBJC_MSGSEND = YES;
				ENABLE_TESTABILITY = YES;
				ENABLE_USER_SCRIPT_SANDBOXING = YES;
				GCC_C_LANGUAGE_STANDARD = gnu17;
				GCC_DYNAMIC_NO_PIC = NO;
				GCC_NO_COMMON_BLOCKS = YES;
				GCC_OPTIMIZATION_LEVEL = 0;
				GCC_PREPROCESSOR_DEFINITIONS = (
					"DEBUG=1",
					"$(inherited)",
				);
				GCC_WARN_64_TO_32_BIT_CONVERSION = YES;
				GCC_WARN_ABOUT_RETURN_TYPE = YES_ERROR;
				GCC_WARN_UNDECLARED_SELECTOR = YES;
				GCC_WARN_UNINITIALIZED_AUTOS = YES_AGGRESSIVE;
				GCC_WARN_UNUSED_FUNCTION = YES;
				GCC_WARN_UNUSED_VARIABLE = YES;
				IPHONEOS_DEPLOYMENT_TARGET = 17.2;
				LOCALIZATION_PREFERS_STRING_CATALOGS = YES;
				MTL_ENABLE_DEBUG_INFO = INCLUDE_SOURCE;
				MTL_FAST_MATH = YES;
				ONLY_ACTIVE_ARCH = YES;
				SDKROOT = iphoneos;
				SWIFT_ACTIVE_COMPILATION_CONDITIONS = "DEBUG $(inherited)";
				SWIFT_OPTIMIZATION_LEVEL = "-Onone";
			};
			name = Debug;
		};
		55E27A3D2C47518600745AD4 /* Release */ = {
			isa = XCBuildConfiguration;
			buildSettings = {
				ALWAYS_SEARCH_USER_PATHS = NO;
				ASSETCATALOG_COMPILER_GENERATE_SWIFT_ASSET_SYMBOL_EXTENSIONS = YES;
				CLANG_ANALYZER_NONNULL = YES;
				CLANG_ANALYZER_NUMBER_OBJECT_CONVERSION = YES_AGGRESSIVE;
				CLANG_CXX_LANGUAGE_STANDARD = "gnu++20";
				CLANG_ENABLE_MODULES = YES;
				CLANG_ENABLE_OBJC_ARC = YES;
				CLANG_ENABLE_OBJC_WEAK = YES;
				CLANG_WARN_BLOCK_CAPTURE_AUTORELEASING = YES;
				CLANG_WARN_BOOL_CONVERSION = YES;
				CLANG_WARN_COMMA = YES;
				CLANG_WARN_CONSTANT_CONVERSION = YES;
				CLANG_WARN_DEPRECATED_OBJC_IMPLEMENTATIONS = YES;
				CLANG_WARN_DIRECT_OBJC_ISA_USAGE = YES_ERROR;
				CLANG_WARN_DOCUMENTATION_COMMENTS = YES;
				CLANG_WARN_EMPTY_BODY = YES;
				CLANG_WARN_ENUM_CONVERSION = YES;
				CLANG_WARN_INFINITE_RECURSION = YES;
				CLANG_WARN_INT_CONVERSION = YES;
				CLANG_WARN_NON_LITERAL_NULL_CONVERSION = YES;
				CLANG_WARN_OBJC_IMPLICIT_RETAIN_SELF = YES;
				CLANG_WARN_OBJC_LITERAL_CONVERSION = YES;
				CLANG_WARN_OBJC_ROOT_CLASS = YES_ERROR;
				CLANG_WARN_QUOTED_INCLUDE_IN_FRAMEWORK_HEADER = YES;
				CLANG_WARN_RANGE_LOOP_ANALYSIS = YES;
				CLANG_WARN_STRICT_PROTOTYPES = YES;
				CLANG_WARN_SUSPICIOUS_MOVE = YES;
				CLANG_WARN_UNGUARDED_AVAILABILITY = YES_AGGRESSIVE;
				CLANG_WARN_UNREACHABLE_CODE = YES;
				CLANG_WARN__DUPLICATE_METHOD_MATCH = YES;
				COPY_PHASE_STRIP = NO;
				DEBUG_INFORMATION_FORMAT = "dwarf-with-dsym";
				ENABLE_NS_ASSERTIONS = NO;
				ENABLE_STRICT_OBJC_MSGSEND = YES;
				ENABLE_USER_SCRIPT_SANDBOXING = YES;
				GCC_C_LANGUAGE_STANDARD = gnu17;
				GCC_NO_COMMON_BLOCKS = YES;
				GCC_WARN_64_TO_32_BIT_CONVERSION = YES;
				GCC_WARN_ABOUT_RETURN_TYPE = YES_ERROR;
				GCC_WARN_UNDECLARED_SELECTOR = YES;
				GCC_WARN_UNINITIALIZED_AUTOS = YES_AGGRESSIVE;
				GCC_WARN_UNUSED_FUNCTION = YES;
				GCC_WARN_UNUSED_VARIABLE = YES;
				IPHONEOS_DEPLOYMENT_TARGET = 17.2;
				LOCALIZATION_PREFERS_STRING_CATALOGS = YES;
				MTL_ENABLE_DEBUG_INFO = NO;
				MTL_FAST_MATH = YES;
				SDKROOT = iphoneos;
				SWIFT_COMPILATION_MODE = wholemodule;
				VALIDATE_PRODUCT = YES;
			};
			name = Release;
		};
		55E27A3F2C47518600745AD4 /* Debug */ = {
			isa = XCBuildConfiguration;
			buildSettings = {
				ASSETCATALOG_COMPILER_APPICON_NAME = AppIcon;
				ASSETCATALOG_COMPILER_GLOBAL_ACCENT_COLOR_NAME = AccentColor;
				CODE_SIGN_STYLE = Automatic;
				CURRENT_PROJECT_VERSION = 1;
				DEVELOPMENT_ASSET_PATHS = "\"Gymstagram/Preview Content\"";
				DEVELOPMENT_TEAM = "";
				ENABLE_PREVIEWS = YES;
				GENERATE_INFOPLIST_FILE = YES;
				INFOPLIST_KEY_CFBundleDisplayName = GymRat;
				INFOPLIST_KEY_UIApplicationSceneManifest_Generation = YES;
				INFOPLIST_KEY_UIApplicationSupportsIndirectInputEvents = YES;
				INFOPLIST_KEY_UILaunchScreen_Generation = YES;
				INFOPLIST_KEY_UISupportedInterfaceOrientations_iPad = "UIInterfaceOrientationPortrait UIInterfaceOrientationPortraitUpsideDown UIInterfaceOrientationLandscapeLeft UIInterfaceOrientationLandscapeRight";
				INFOPLIST_KEY_UISupportedInterfaceOrientations_iPhone = "UIInterfaceOrientationPortrait UIInterfaceOrientationLandscapeLeft UIInterfaceOrientationLandscapeRight";
				LD_RUNPATH_SEARCH_PATHS = (
					"$(inherited)",
					"@executable_path/Frameworks",
				);
				MARKETING_VERSION = 1.0;
				PRODUCT_BUNDLE_IDENTIFIER = AKA.Gymstagram;
				PRODUCT_NAME = "$(TARGET_NAME)";
				SWIFT_EMIT_LOC_STRINGS = YES;
				SWIFT_VERSION = 5.0;
				TARGETED_DEVICE_FAMILY = "1,2";
			};
			name = Debug;
		};
		55E27A402C47518600745AD4 /* Release */ = {
			isa = XCBuildConfiguration;
			buildSettings = {
				ASSETCATALOG_COMPILER_APPICON_NAME = AppIcon;
				ASSETCATALOG_COMPILER_GLOBAL_ACCENT_COLOR_NAME = AccentColor;
				CODE_SIGN_STYLE = Automatic;
				CURRENT_PROJECT_VERSION = 1;
				DEVELOPMENT_ASSET_PATHS = "\"Gymstagram/Preview Content\"";
				DEVELOPMENT_TEAM = "";
				ENABLE_PREVIEWS = YES;
				GENERATE_INFOPLIST_FILE = YES;
				INFOPLIST_KEY_CFBundleDisplayName = GymRat;
				INFOPLIST_KEY_UIApplicationSceneManifest_Generation = YES;
				INFOPLIST_KEY_UIApplicationSupportsIndirectInputEvents = YES;
				INFOPLIST_KEY_UILaunchScreen_Generation = YES;
				INFOPLIST_KEY_UISupportedInterfaceOrientations_iPad = "UIInterfaceOrientationPortrait UIInterfaceOrientationPortraitUpsideDown UIInterfaceOrientationLandscapeLeft UIInterfaceOrientationLandscapeRight";
				INFOPLIST_KEY_UISupportedInterfaceOrientations_iPhone = "UIInterfaceOrientationPortrait UIInterfaceOrientationLandscapeLeft UIInterfaceOrientationLandscapeRight";
				LD_RUNPATH_SEARCH_PATHS = (
					"$(inherited)",
					"@executable_path/Frameworks",
				);
				MARKETING_VERSION = 1.0;
				PRODUCT_BUNDLE_IDENTIFIER = AKA.Gymstagram;
				PRODUCT_NAME = "$(TARGET_NAME)";
				SWIFT_EMIT_LOC_STRINGS = YES;
				SWIFT_VERSION = 5.0;
				TARGETED_DEVICE_FAMILY = "1,2";
			};
			name = Release;
		};
/* End XCBuildConfiguration section */

/* Begin XCConfigurationList section */
		55E27A2B2C47518400745AD4 /* Build configuration list for PBXProject "Gymstagram" */ = {
			isa = XCConfigurationList;
			buildConfigurations = (
				55E27A3C2C47518600745AD4 /* Debug */,
				55E27A3D2C47518600745AD4 /* Release */,
			);
			defaultConfigurationIsVisible = 0;
			defaultConfigurationName = Release;
		};
		55E27A3E2C47518600745AD4 /* Build configuration list for PBXNativeTarget "Gymstagram" */ = {
			isa = XCConfigurationList;
			buildConfigurations = (
				55E27A3F2C47518600745AD4 /* Debug */,
				55E27A402C47518600745AD4 /* Release */,
			);
			defaultConfigurationIsVisible = 0;
			defaultConfigurationName = Release;
		};
/* End XCConfigurationList section */

/* Begin XCRemoteSwiftPackageReference section */
		53FF6C662C559B990028AFAA /* XCRemoteSwiftPackageReference "Kingfisher" */ = {
			isa = XCRemoteSwiftPackageReference;
			repositoryURL = "https://github.com/onevcat/Kingfisher.git";
			requirement = {
				kind = upToNextMajorVersion;
				minimumVersion = 7.12.0;
			};
		};
		553E1EE22C4DC52200E27DA4 /* XCRemoteSwiftPackageReference "firebase-ios-sdk" */ = {
			isa = XCRemoteSwiftPackageReference;
			repositoryURL = "https://github.com/firebase/firebase-ios-sdk";
			requirement = {
				kind = upToNextMajorVersion;
				minimumVersion = 10.29.0;
			};
		};
/* End XCRemoteSwiftPackageReference section */

/* Begin XCSwiftPackageProductDependency section */
		53FF6C672C559B9A0028AFAA /* Kingfisher */ = {
			isa = XCSwiftPackageProductDependency;
			package = 53FF6C662C559B990028AFAA /* XCRemoteSwiftPackageReference "Kingfisher" */;
			productName = Kingfisher;
		};
		553E1EE32C4DC52200E27DA4 /* FirebaseAnalytics */ = {
			isa = XCSwiftPackageProductDependency;
			package = 553E1EE22C4DC52200E27DA4 /* XCRemoteSwiftPackageReference "firebase-ios-sdk" */;
			productName = FirebaseAnalytics;
		};
		553E1EE52C4DC52200E27DA4 /* FirebaseAnalyticsOnDeviceConversion */ = {
			isa = XCSwiftPackageProductDependency;
			package = 553E1EE22C4DC52200E27DA4 /* XCRemoteSwiftPackageReference "firebase-ios-sdk" */;
			productName = FirebaseAnalyticsOnDeviceConversion;
		};
		553E1EE72C4DC52200E27DA4 /* FirebaseAnalyticsSwift */ = {
			isa = XCSwiftPackageProductDependency;
			package = 553E1EE22C4DC52200E27DA4 /* XCRemoteSwiftPackageReference "firebase-ios-sdk" */;
			productName = FirebaseAnalyticsSwift;
		};
		553E1EE92C4DC52200E27DA4 /* FirebaseAnalyticsWithoutAdIdSupport */ = {
			isa = XCSwiftPackageProductDependency;
			package = 553E1EE22C4DC52200E27DA4 /* XCRemoteSwiftPackageReference "firebase-ios-sdk" */;
			productName = FirebaseAnalyticsWithoutAdIdSupport;
		};
		553E1EEB2C4DC52200E27DA4 /* FirebaseAppCheck */ = {
			isa = XCSwiftPackageProductDependency;
			package = 553E1EE22C4DC52200E27DA4 /* XCRemoteSwiftPackageReference "firebase-ios-sdk" */;
			productName = FirebaseAppCheck;
		};
		553E1F182C4DC89700E27DA4 /* FirebaseAnalytics */ = {
			isa = XCSwiftPackageProductDependency;
			package = 553E1EE22C4DC52200E27DA4 /* XCRemoteSwiftPackageReference "firebase-ios-sdk" */;
			productName = FirebaseAnalytics;
		};
		553E1F1A2C4DC89700E27DA4 /* FirebaseAnalyticsOnDeviceConversion */ = {
			isa = XCSwiftPackageProductDependency;
			package = 553E1EE22C4DC52200E27DA4 /* XCRemoteSwiftPackageReference "firebase-ios-sdk" */;
			productName = FirebaseAnalyticsOnDeviceConversion;
		};
		553E1F1C2C4DC89700E27DA4 /* FirebaseAnalyticsSwift */ = {
			isa = XCSwiftPackageProductDependency;
			package = 553E1EE22C4DC52200E27DA4 /* XCRemoteSwiftPackageReference "firebase-ios-sdk" */;
			productName = FirebaseAnalyticsSwift;
		};
		553E1F1E2C4DC89700E27DA4 /* FirebaseAnalyticsWithoutAdIdSupport */ = {
			isa = XCSwiftPackageProductDependency;
			package = 553E1EE22C4DC52200E27DA4 /* XCRemoteSwiftPackageReference "firebase-ios-sdk" */;
			productName = FirebaseAnalyticsWithoutAdIdSupport;
		};
		553E1F202C4DC89700E27DA4 /* FirebaseAppCheck */ = {
			isa = XCSwiftPackageProductDependency;
			package = 553E1EE22C4DC52200E27DA4 /* XCRemoteSwiftPackageReference "firebase-ios-sdk" */;
			productName = FirebaseAppCheck;
		};
		553E1F222C4DC93B00E27DA4 /* FirebaseAnalytics */ = {
			isa = XCSwiftPackageProductDependency;
			package = 553E1EE22C4DC52200E27DA4 /* XCRemoteSwiftPackageReference "firebase-ios-sdk" */;
			productName = FirebaseAnalytics;
		};
		553E1F242C4DC93B00E27DA4 /* FirebaseAnalyticsOnDeviceConversion */ = {
			isa = XCSwiftPackageProductDependency;
			package = 553E1EE22C4DC52200E27DA4 /* XCRemoteSwiftPackageReference "firebase-ios-sdk" */;
			productName = FirebaseAnalyticsOnDeviceConversion;
		};
		553E1F262C4DC93B00E27DA4 /* FirebaseAnalyticsSwift */ = {
			isa = XCSwiftPackageProductDependency;
			package = 553E1EE22C4DC52200E27DA4 /* XCRemoteSwiftPackageReference "firebase-ios-sdk" */;
			productName = FirebaseAnalyticsSwift;
		};
		553E1F282C4DC93B00E27DA4 /* FirebaseAnalyticsWithoutAdIdSupport */ = {
			isa = XCSwiftPackageProductDependency;
			package = 553E1EE22C4DC52200E27DA4 /* XCRemoteSwiftPackageReference "firebase-ios-sdk" */;
			productName = FirebaseAnalyticsWithoutAdIdSupport;
		};
		553E1F2A2C4DC93B00E27DA4 /* FirebaseAppCheck */ = {
			isa = XCSwiftPackageProductDependency;
			package = 553E1EE22C4DC52200E27DA4 /* XCRemoteSwiftPackageReference "firebase-ios-sdk" */;
			productName = FirebaseAppCheck;
		};
		553E1F2C2C4DC93B00E27DA4 /* FirebaseAppDistribution-Beta */ = {
			isa = XCSwiftPackageProductDependency;
			package = 553E1EE22C4DC52200E27DA4 /* XCRemoteSwiftPackageReference "firebase-ios-sdk" */;
			productName = "FirebaseAppDistribution-Beta";
		};
		553E1F2E2C4DC93B00E27DA4 /* FirebaseAuth */ = {
			isa = XCSwiftPackageProductDependency;
			package = 553E1EE22C4DC52200E27DA4 /* XCRemoteSwiftPackageReference "firebase-ios-sdk" */;
			productName = FirebaseAuth;
		};
		553E1F302C4DC93B00E27DA4 /* FirebaseAuthCombine-Community */ = {
			isa = XCSwiftPackageProductDependency;
			package = 553E1EE22C4DC52200E27DA4 /* XCRemoteSwiftPackageReference "firebase-ios-sdk" */;
			productName = "FirebaseAuthCombine-Community";
		};
		553E1F322C4DC93B00E27DA4 /* FirebaseCrashlytics */ = {
			isa = XCSwiftPackageProductDependency;
			package = 553E1EE22C4DC52200E27DA4 /* XCRemoteSwiftPackageReference "firebase-ios-sdk" */;
			productName = FirebaseCrashlytics;
		};
		553E1F342C4DC93B00E27DA4 /* FirebaseDatabase */ = {
			isa = XCSwiftPackageProductDependency;
			package = 553E1EE22C4DC52200E27DA4 /* XCRemoteSwiftPackageReference "firebase-ios-sdk" */;
			productName = FirebaseDatabase;
		};
		553E1F362C4DC93B00E27DA4 /* FirebaseDatabaseSwift */ = {
			isa = XCSwiftPackageProductDependency;
			package = 553E1EE22C4DC52200E27DA4 /* XCRemoteSwiftPackageReference "firebase-ios-sdk" */;
			productName = FirebaseDatabaseSwift;
		};
		553E1F3A2C4DCC4600E27DA4 /* FirebaseAnalytics */ = {
			isa = XCSwiftPackageProductDependency;
			package = 553E1EE22C4DC52200E27DA4 /* XCRemoteSwiftPackageReference "firebase-ios-sdk" */;
			productName = FirebaseAnalytics;
		};
		553E1F3C2C4DCC4600E27DA4 /* FirebaseAnalyticsOnDeviceConversion */ = {
			isa = XCSwiftPackageProductDependency;
			package = 553E1EE22C4DC52200E27DA4 /* XCRemoteSwiftPackageReference "firebase-ios-sdk" */;
			productName = FirebaseAnalyticsOnDeviceConversion;
		};
		553E1F3E2C4DCC4600E27DA4 /* FirebaseAnalyticsSwift */ = {
			isa = XCSwiftPackageProductDependency;
			package = 553E1EE22C4DC52200E27DA4 /* XCRemoteSwiftPackageReference "firebase-ios-sdk" */;
			productName = FirebaseAnalyticsSwift;
		};
		553E1F402C4DCC4600E27DA4 /* FirebaseAnalyticsWithoutAdIdSupport */ = {
			isa = XCSwiftPackageProductDependency;
			package = 553E1EE22C4DC52200E27DA4 /* XCRemoteSwiftPackageReference "firebase-ios-sdk" */;
			productName = FirebaseAnalyticsWithoutAdIdSupport;
		};
		553E1F422C4DCC4600E27DA4 /* FirebaseAppCheck */ = {
			isa = XCSwiftPackageProductDependency;
			package = 553E1EE22C4DC52200E27DA4 /* XCRemoteSwiftPackageReference "firebase-ios-sdk" */;
			productName = FirebaseAppCheck;
		};
		558E45EC2C4DE23300CED97C /* FirebaseAnalytics */ = {
			isa = XCSwiftPackageProductDependency;
			package = 553E1EE22C4DC52200E27DA4 /* XCRemoteSwiftPackageReference "firebase-ios-sdk" */;
			productName = FirebaseAnalytics;
		};
		558E45EE2C4DE23300CED97C /* FirebaseAnalyticsOnDeviceConversion */ = {
			isa = XCSwiftPackageProductDependency;
			package = 553E1EE22C4DC52200E27DA4 /* XCRemoteSwiftPackageReference "firebase-ios-sdk" */;
			productName = FirebaseAnalyticsOnDeviceConversion;
		};
		558E45F02C4DE23300CED97C /* FirebaseAnalyticsSwift */ = {
			isa = XCSwiftPackageProductDependency;
			package = 553E1EE22C4DC52200E27DA4 /* XCRemoteSwiftPackageReference "firebase-ios-sdk" */;
			productName = FirebaseAnalyticsSwift;
		};
		558E45F22C4DE23300CED97C /* FirebaseAnalyticsWithoutAdIdSupport */ = {
			isa = XCSwiftPackageProductDependency;
			package = 553E1EE22C4DC52200E27DA4 /* XCRemoteSwiftPackageReference "firebase-ios-sdk" */;
			productName = FirebaseAnalyticsWithoutAdIdSupport;
		};
		558E45F42C4DE23300CED97C /* FirebaseAppCheck */ = {
			isa = XCSwiftPackageProductDependency;
			package = 553E1EE22C4DC52200E27DA4 /* XCRemoteSwiftPackageReference "firebase-ios-sdk" */;
			productName = FirebaseAppCheck;
		};
		558E45F62C4DE23300CED97C /* FirebaseAppDistribution-Beta */ = {
			isa = XCSwiftPackageProductDependency;
			package = 553E1EE22C4DC52200E27DA4 /* XCRemoteSwiftPackageReference "firebase-ios-sdk" */;
			productName = "FirebaseAppDistribution-Beta";
		};
		558E45F82C4DE23300CED97C /* FirebaseAuth */ = {
			isa = XCSwiftPackageProductDependency;
			package = 553E1EE22C4DC52200E27DA4 /* XCRemoteSwiftPackageReference "firebase-ios-sdk" */;
			productName = FirebaseAuth;
		};
		558E45FA2C4DE23300CED97C /* FirebaseAuthCombine-Community */ = {
			isa = XCSwiftPackageProductDependency;
			package = 553E1EE22C4DC52200E27DA4 /* XCRemoteSwiftPackageReference "firebase-ios-sdk" */;
			productName = "FirebaseAuthCombine-Community";
		};
		558E45FC2C4DE23300CED97C /* FirebaseCrashlytics */ = {
			isa = XCSwiftPackageProductDependency;
			package = 553E1EE22C4DC52200E27DA4 /* XCRemoteSwiftPackageReference "firebase-ios-sdk" */;
			productName = FirebaseCrashlytics;
		};
		558E45FE2C4DE23300CED97C /* FirebaseDatabase */ = {
			isa = XCSwiftPackageProductDependency;
			package = 553E1EE22C4DC52200E27DA4 /* XCRemoteSwiftPackageReference "firebase-ios-sdk" */;
			productName = FirebaseDatabase;
		};
		558E46002C4DE23300CED97C /* FirebaseDatabaseSwift */ = {
			isa = XCSwiftPackageProductDependency;
			package = 553E1EE22C4DC52200E27DA4 /* XCRemoteSwiftPackageReference "firebase-ios-sdk" */;
			productName = FirebaseDatabaseSwift;
		};
		558E46022C4DE23300CED97C /* FirebaseDynamicLinks */ = {
			isa = XCSwiftPackageProductDependency;
			package = 553E1EE22C4DC52200E27DA4 /* XCRemoteSwiftPackageReference "firebase-ios-sdk" */;
			productName = FirebaseDynamicLinks;
		};
		558E46042C4DE23300CED97C /* FirebaseFirestore */ = {
			isa = XCSwiftPackageProductDependency;
			package = 553E1EE22C4DC52200E27DA4 /* XCRemoteSwiftPackageReference "firebase-ios-sdk" */;
			productName = FirebaseFirestore;
		};
		558E46062C4DE23300CED97C /* FirebaseFirestoreCombine-Community */ = {
			isa = XCSwiftPackageProductDependency;
			package = 553E1EE22C4DC52200E27DA4 /* XCRemoteSwiftPackageReference "firebase-ios-sdk" */;
			productName = "FirebaseFirestoreCombine-Community";
		};
		558E46082C4DE23300CED97C /* FirebaseFirestoreSwift */ = {
			isa = XCSwiftPackageProductDependency;
			package = 553E1EE22C4DC52200E27DA4 /* XCRemoteSwiftPackageReference "firebase-ios-sdk" */;
			productName = FirebaseFirestoreSwift;
		};
		558E460A2C4DE23300CED97C /* FirebaseFunctions */ = {
			isa = XCSwiftPackageProductDependency;
			package = 553E1EE22C4DC52200E27DA4 /* XCRemoteSwiftPackageReference "firebase-ios-sdk" */;
			productName = FirebaseFunctions;
		};
		558E460C2C4DE23300CED97C /* FirebaseFunctionsCombine-Community */ = {
			isa = XCSwiftPackageProductDependency;
			package = 553E1EE22C4DC52200E27DA4 /* XCRemoteSwiftPackageReference "firebase-ios-sdk" */;
			productName = "FirebaseFunctionsCombine-Community";
		};
		558E460E2C4DE23300CED97C /* FirebaseInAppMessaging-Beta */ = {
			isa = XCSwiftPackageProductDependency;
			package = 553E1EE22C4DC52200E27DA4 /* XCRemoteSwiftPackageReference "firebase-ios-sdk" */;
			productName = "FirebaseInAppMessaging-Beta";
		};
		558E46102C4DE23300CED97C /* FirebaseInAppMessagingSwift-Beta */ = {
			isa = XCSwiftPackageProductDependency;
			package = 553E1EE22C4DC52200E27DA4 /* XCRemoteSwiftPackageReference "firebase-ios-sdk" */;
			productName = "FirebaseInAppMessagingSwift-Beta";
		};
		558E46122C4DE23300CED97C /* FirebaseInstallations */ = {
			isa = XCSwiftPackageProductDependency;
			package = 553E1EE22C4DC52200E27DA4 /* XCRemoteSwiftPackageReference "firebase-ios-sdk" */;
			productName = FirebaseInstallations;
		};
		558E46142C4DE23300CED97C /* FirebaseMLModelDownloader */ = {
			isa = XCSwiftPackageProductDependency;
			package = 553E1EE22C4DC52200E27DA4 /* XCRemoteSwiftPackageReference "firebase-ios-sdk" */;
			productName = FirebaseMLModelDownloader;
		};
		558E46162C4DE23300CED97C /* FirebaseMessaging */ = {
			isa = XCSwiftPackageProductDependency;
			package = 553E1EE22C4DC52200E27DA4 /* XCRemoteSwiftPackageReference "firebase-ios-sdk" */;
			productName = FirebaseMessaging;
		};
		558E46182C4DE23300CED97C /* FirebasePerformance */ = {
			isa = XCSwiftPackageProductDependency;
			package = 553E1EE22C4DC52200E27DA4 /* XCRemoteSwiftPackageReference "firebase-ios-sdk" */;
			productName = FirebasePerformance;
		};
		558E461A2C4DE23300CED97C /* FirebaseRemoteConfig */ = {
			isa = XCSwiftPackageProductDependency;
			package = 553E1EE22C4DC52200E27DA4 /* XCRemoteSwiftPackageReference "firebase-ios-sdk" */;
			productName = FirebaseRemoteConfig;
		};
		558E461C2C4DE23300CED97C /* FirebaseRemoteConfigSwift */ = {
			isa = XCSwiftPackageProductDependency;
			package = 553E1EE22C4DC52200E27DA4 /* XCRemoteSwiftPackageReference "firebase-ios-sdk" */;
			productName = FirebaseRemoteConfigSwift;
		};
		558E461E2C4DE23300CED97C /* FirebaseStorage */ = {
			isa = XCSwiftPackageProductDependency;
			package = 553E1EE22C4DC52200E27DA4 /* XCRemoteSwiftPackageReference "firebase-ios-sdk" */;
			productName = FirebaseStorage;
		};
		558E46202C4DE23300CED97C /* FirebaseStorageCombine-Community */ = {
			isa = XCSwiftPackageProductDependency;
			package = 553E1EE22C4DC52200E27DA4 /* XCRemoteSwiftPackageReference "firebase-ios-sdk" */;
			productName = "FirebaseStorageCombine-Community";
		};
		558E46222C4DE23300CED97C /* FirebaseVertexAI-Preview */ = {
			isa = XCSwiftPackageProductDependency;
			package = 553E1EE22C4DC52200E27DA4 /* XCRemoteSwiftPackageReference "firebase-ios-sdk" */;
			productName = "FirebaseVertexAI-Preview";
		};
/* End XCSwiftPackageProductDependency section */
	};
	rootObject = 55E27A282C47518400745AD4 /* Project object */;
}
